// !$*UTF8*$!
{
	archiveVersion = 1;
	classes = {
	};
	objectVersion = 46;
	objects = {

/* Begin PBXBuildFile section */
		0C31291E1F47780000B7CC0C /* AppDelegate.swift in Sources */ = {isa = PBXBuildFile; fileRef = 0C31291D1F47780000B7CC0C /* AppDelegate.swift */; };
		0C3129251F47780000B7CC0C /* Assets.xcassets in Resources */ = {isa = PBXBuildFile; fileRef = 0C3129241F47780000B7CC0C /* Assets.xcassets */; };
		0C3129281F47780000B7CC0C /* LaunchScreen.storyboard in Resources */ = {isa = PBXBuildFile; fileRef = 0C3129261F47780000B7CC0C /* LaunchScreen.storyboard */; };
		0C3129331F47780000B7CC0C /* RepRepTests.swift in Sources */ = {isa = PBXBuildFile; fileRef = 0C3129321F47780000B7CC0C /* RepRepTests.swift */; };
		0C31293E1F47780000B7CC0C /* RepRepUITests.swift in Sources */ = {isa = PBXBuildFile; fileRef = 0C31293D1F47780000B7CC0C /* RepRepUITests.swift */; };
		0C3BFD971F533E6200248BF8 /* RepRepLabel.swift in Sources */ = {isa = PBXBuildFile; fileRef = 0C3BFD961F533E6200248BF8 /* RepRepLabel.swift */; };
		0C3BFD991F53517900248BF8 /* StarView.swift in Sources */ = {isa = PBXBuildFile; fileRef = 0C3BFD981F53517900248BF8 /* StarView.swift */; };
		0C3BFD9D1F54884D00248BF8 /* LoadingStateView.swift in Sources */ = {isa = PBXBuildFile; fileRef = 0C3BFD9C1F54884D00248BF8 /* LoadingStateView.swift */; };
		0C3BFDA01F5488F300248BF8 /* RepRepContainerView.swift in Sources */ = {isa = PBXBuildFile; fileRef = 0C3BFD9F1F5488F300248BF8 /* RepRepContainerView.swift */; };
		0C3BFDA21F548C5600248BF8 /* RepRepActivityIndicatorView.swift in Sources */ = {isa = PBXBuildFile; fileRef = 0C3BFDA11F548C5600248BF8 /* RepRepActivityIndicatorView.swift */; };
		0C3BFDA41F54933200248BF8 /* RepRepTableView.swift in Sources */ = {isa = PBXBuildFile; fileRef = 0C3BFDA31F54933200248BF8 /* RepRepTableView.swift */; };
		0C3BFDA61F54934100248BF8 /* RepRepTableViewCell.swift in Sources */ = {isa = PBXBuildFile; fileRef = 0C3BFDA51F54934100248BF8 /* RepRepTableViewCell.swift */; };
		0C4701851F549F4F00AF2E03 /* RepRepTableViewDriver.swift in Sources */ = {isa = PBXBuildFile; fileRef = 0C4701841F549F4F00AF2E03 /* RepRepTableViewDriver.swift */; };
		0C4701871F54BE5300AF2E03 /* RepRepSectionHeaderConstructor.swift in Sources */ = {isa = PBXBuildFile; fileRef = 0C4701861F54BE5300AF2E03 /* RepRepSectionHeaderConstructor.swift */; };
		0C4701891F54C23D00AF2E03 /* RepRepDetailViewController.swift in Sources */ = {isa = PBXBuildFile; fileRef = 0C4701881F54C23D00AF2E03 /* RepRepDetailViewController.swift */; };
		0C47018B1F54C56B00AF2E03 /* RepRepOfficialView.swift in Sources */ = {isa = PBXBuildFile; fileRef = 0C47018A1F54C56B00AF2E03 /* RepRepOfficialView.swift */; };
		0C47018D1F54C6A700AF2E03 /* ViewController+ConfigureMainView.swift in Sources */ = {isa = PBXBuildFile; fileRef = 0C47018C1F54C6A700AF2E03 /* ViewController+ConfigureMainView.swift */; };
		0C4701901F54D78900AF2E03 /* RepRepPartyIconView.swift in Sources */ = {isa = PBXBuildFile; fileRef = 0C47018F1F54D78900AF2E03 /* RepRepPartyIconView.swift */; };
		0C47A88B1F53278300D74B31 /* UIColor+RepRepColours.swift in Sources */ = {isa = PBXBuildFile; fileRef = 0C47A88A1F53278300D74B31 /* UIColor+RepRepColours.swift */; };
		0C55E5CC1F489AEE00F908D1 /* RepRepViewController.swift in Sources */ = {isa = PBXBuildFile; fileRef = 0C55E5CB1F489AEE00F908D1 /* RepRepViewController.swift */; };
		0C55E5D11F48BA4D00F908D1 /* Article.swift in Sources */ = {isa = PBXBuildFile; fileRef = 0C55E5D01F48BA4D00F908D1 /* Article.swift */; };
		0C55E5D51F4B300F00F908D1 /* ZipSearchBar.swift in Sources */ = {isa = PBXBuildFile; fileRef = 0C55E5D41F4B300F00F908D1 /* ZipSearchBar.swift */; };
		0C55E5D71F4CBB7000F908D1 /* EmptyStateView.swift in Sources */ = {isa = PBXBuildFile; fileRef = 0C55E5D61F4CBB7000F908D1 /* EmptyStateView.swift */; };
		0C9E8EFB1F57034E00C7EEF8 /* UIConstants.swift in Sources */ = {isa = PBXBuildFile; fileRef = 0C9E8EFA1F57034E00C7EEF8 /* UIConstants.swift */; };
		0C9E8EFD1F57347400C7EEF8 /* WebViewController.swift in Sources */ = {isa = PBXBuildFile; fileRef = 0C9E8EFC1F57347400C7EEF8 /* WebViewController.swift */; };
		0CCD7F141F477CA800B72DA1 /* APIRequestManager.swift in Sources */ = {isa = PBXBuildFile; fileRef = 0CCD7F0E1F477CA800B72DA1 /* APIRequestManager.swift */; };
		0CCD7F151F477CA800B72DA1 /* Election.swift in Sources */ = {isa = PBXBuildFile; fileRef = 0CCD7F0F1F477CA800B72DA1 /* Election.swift */; };
		0CCD7F181F477CA800B72DA1 /* StateAdminBody.swift in Sources */ = {isa = PBXBuildFile; fileRef = 0CCD7F121F477CA800B72DA1 /* StateAdminBody.swift */; };
		0CCD7F191F477CA800B72DA1 /* VoterInfo.swift in Sources */ = {isa = PBXBuildFile; fileRef = 0CCD7F131F477CA800B72DA1 /* VoterInfo.swift */; };
		0CCD7F1D1F48804A00B72DA1 /* RepInfoViewModel.swift in Sources */ = {isa = PBXBuildFile; fileRef = 0CCD7F1A1F48804A00B72DA1 /* RepInfoViewModel.swift */; };
		0CCD7F1E1F48804A00B72DA1 /* Address.swift in Sources */ = {isa = PBXBuildFile; fileRef = 0CCD7F1B1F48804A00B72DA1 /* Address.swift */; };
		0CCD7F1F1F48804A00B72DA1 /* PollLocation.swift in Sources */ = {isa = PBXBuildFile; fileRef = 0CCD7F1C1F48804A00B72DA1 /* PollLocation.swift */; };
		0CFADCB01F55BCAC00A9F7E3 /* RepRepButton.swift in Sources */ = {isa = PBXBuildFile; fileRef = 0CFADCAF1F55BCAC00A9F7E3 /* RepRepButton.swift */; };
		0CFADCB21F55D79A00A9F7E3 /* UIImageView+ResizeImage.swift in Sources */ = {isa = PBXBuildFile; fileRef = 0CFADCB11F55D79A00A9F7E3 /* UIImageView+ResizeImage.swift */; };
		0CFADCB41F55E8AA00A9F7E3 /* RepRepBorderView.swift in Sources */ = {isa = PBXBuildFile; fileRef = 0CFADCB31F55E8AA00A9F7E3 /* RepRepBorderView.swift */; };
		0CFADCB61F55EF0B00A9F7E3 /* RepRepArticleCollectionViewCell.swift in Sources */ = {isa = PBXBuildFile; fileRef = 0CFADCB51F55EF0B00A9F7E3 /* RepRepArticleCollectionViewCell.swift */; };
		0CFADCB81F55F0D700A9F7E3 /* RepRepCollectionView.swift in Sources */ = {isa = PBXBuildFile; fileRef = 0CFADCB71F55F0D700A9F7E3 /* RepRepCollectionView.swift */; };
		0CFADCBA1F55F15900A9F7E3 /* RepRepCollectionViewDriver.swift in Sources */ = {isa = PBXBuildFile; fileRef = 0CFADCB91F55F15900A9F7E3 /* RepRepCollectionViewDriver.swift */; };
		0CFADCBC1F55FC3700A9F7E3 /* Channel.swift in Sources */ = {isa = PBXBuildFile; fileRef = 0CFADCBB1F55FC3700A9F7E3 /* Channel.swift */; };
		0CFADCBE1F55FC4D00A9F7E3 /* Government Official.swift in Sources */ = {isa = PBXBuildFile; fileRef = 0CFADCBD1F55FC4D00A9F7E3 /* Government Official.swift */; };
		0CFADCC01F55FC6900A9F7E3 /* Office.swift in Sources */ = {isa = PBXBuildFile; fileRef = 0CFADCBF1F55FC6900A9F7E3 /* Office.swift */; };
		0EE00BC204FEFF785FE306BE /* Pods_RepRepUITests.framework in Frameworks */ = {isa = PBXBuildFile; fileRef = A95AA4F8C3F8597EF73C0BD0 /* Pods_RepRepUITests.framework */; };
		53EE648A0C4A464472F9D06A /* Pods_RepRep.framework in Frameworks */ = {isa = PBXBuildFile; fileRef = A02ADB53D1F5ACCE3C1758F8 /* Pods_RepRep.framework */; };
		8A8B484EA136DD7737903CE2 /* Pods_RepRepTests.framework in Frameworks */ = {isa = PBXBuildFile; fileRef = 24F446992B4718142BC94D31 /* Pods_RepRepTests.framework */; };
/* End PBXBuildFile section */

/* Begin PBXContainerItemProxy section */
		0C31292F1F47780000B7CC0C /* PBXContainerItemProxy */ = {
			isa = PBXContainerItemProxy;
			containerPortal = 0C3129121F47780000B7CC0C /* Project object */;
			proxyType = 1;
			remoteGlobalIDString = 0C3129191F47780000B7CC0C;
			remoteInfo = RepRep;
		};
		0C31293A1F47780000B7CC0C /* PBXContainerItemProxy */ = {
			isa = PBXContainerItemProxy;
			containerPortal = 0C3129121F47780000B7CC0C /* Project object */;
			proxyType = 1;
			remoteGlobalIDString = 0C3129191F47780000B7CC0C;
			remoteInfo = RepRep;
		};
/* End PBXContainerItemProxy section */

/* Begin PBXFileReference section */
		0C31291A1F47780000B7CC0C /* RepRep.app */ = {isa = PBXFileReference; explicitFileType = wrapper.application; includeInIndex = 0; path = RepRep.app; sourceTree = BUILT_PRODUCTS_DIR; };
		0C31291D1F47780000B7CC0C /* AppDelegate.swift */ = {isa = PBXFileReference; lastKnownFileType = sourcecode.swift; path = AppDelegate.swift; sourceTree = "<group>"; };
		0C3129241F47780000B7CC0C /* Assets.xcassets */ = {isa = PBXFileReference; lastKnownFileType = folder.assetcatalog; path = Assets.xcassets; sourceTree = "<group>"; };
		0C3129271F47780000B7CC0C /* Base */ = {isa = PBXFileReference; lastKnownFileType = file.storyboard; name = Base; path = Base.lproj/LaunchScreen.storyboard; sourceTree = "<group>"; };
		0C3129291F47780000B7CC0C /* Info.plist */ = {isa = PBXFileReference; lastKnownFileType = text.plist.xml; path = Info.plist; sourceTree = "<group>"; };
		0C31292E1F47780000B7CC0C /* RepRepTests.xctest */ = {isa = PBXFileReference; explicitFileType = wrapper.cfbundle; includeInIndex = 0; path = RepRepTests.xctest; sourceTree = BUILT_PRODUCTS_DIR; };
		0C3129321F47780000B7CC0C /* RepRepTests.swift */ = {isa = PBXFileReference; lastKnownFileType = sourcecode.swift; path = RepRepTests.swift; sourceTree = "<group>"; };
		0C3129341F47780000B7CC0C /* Info.plist */ = {isa = PBXFileReference; lastKnownFileType = text.plist.xml; path = Info.plist; sourceTree = "<group>"; };
		0C3129391F47780000B7CC0C /* RepRepUITests.xctest */ = {isa = PBXFileReference; explicitFileType = wrapper.cfbundle; includeInIndex = 0; path = RepRepUITests.xctest; sourceTree = BUILT_PRODUCTS_DIR; };
		0C31293D1F47780000B7CC0C /* RepRepUITests.swift */ = {isa = PBXFileReference; lastKnownFileType = sourcecode.swift; path = RepRepUITests.swift; sourceTree = "<group>"; };
		0C31293F1F47780000B7CC0C /* Info.plist */ = {isa = PBXFileReference; lastKnownFileType = text.plist.xml; path = Info.plist; sourceTree = "<group>"; };
		0C3BFD961F533E6200248BF8 /* RepRepLabel.swift */ = {isa = PBXFileReference; fileEncoding = 4; lastKnownFileType = sourcecode.swift; path = RepRepLabel.swift; sourceTree = "<group>"; };
		0C3BFD981F53517900248BF8 /* StarView.swift */ = {isa = PBXFileReference; fileEncoding = 4; lastKnownFileType = sourcecode.swift; path = StarView.swift; sourceTree = "<group>"; };
		0C3BFD9C1F54884D00248BF8 /* LoadingStateView.swift */ = {isa = PBXFileReference; fileEncoding = 4; lastKnownFileType = sourcecode.swift; path = LoadingStateView.swift; sourceTree = "<group>"; };
		0C3BFD9F1F5488F300248BF8 /* RepRepContainerView.swift */ = {isa = PBXFileReference; fileEncoding = 4; lastKnownFileType = sourcecode.swift; path = RepRepContainerView.swift; sourceTree = "<group>"; };
		0C3BFDA11F548C5600248BF8 /* RepRepActivityIndicatorView.swift */ = {isa = PBXFileReference; fileEncoding = 4; lastKnownFileType = sourcecode.swift; path = RepRepActivityIndicatorView.swift; sourceTree = "<group>"; };
		0C3BFDA31F54933200248BF8 /* RepRepTableView.swift */ = {isa = PBXFileReference; fileEncoding = 4; lastKnownFileType = sourcecode.swift; path = RepRepTableView.swift; sourceTree = "<group>"; };
		0C3BFDA51F54934100248BF8 /* RepRepTableViewCell.swift */ = {isa = PBXFileReference; fileEncoding = 4; lastKnownFileType = sourcecode.swift; path = RepRepTableViewCell.swift; sourceTree = "<group>"; };
		0C4701841F549F4F00AF2E03 /* RepRepTableViewDriver.swift */ = {isa = PBXFileReference; fileEncoding = 4; lastKnownFileType = sourcecode.swift; path = RepRepTableViewDriver.swift; sourceTree = "<group>"; };
		0C4701861F54BE5300AF2E03 /* RepRepSectionHeaderConstructor.swift */ = {isa = PBXFileReference; fileEncoding = 4; lastKnownFileType = sourcecode.swift; path = RepRepSectionHeaderConstructor.swift; sourceTree = "<group>"; };
		0C4701881F54C23D00AF2E03 /* RepRepDetailViewController.swift */ = {isa = PBXFileReference; fileEncoding = 4; lastKnownFileType = sourcecode.swift; path = RepRepDetailViewController.swift; sourceTree = "<group>"; };
		0C47018A1F54C56B00AF2E03 /* RepRepOfficialView.swift */ = {isa = PBXFileReference; fileEncoding = 4; lastKnownFileType = sourcecode.swift; path = RepRepOfficialView.swift; sourceTree = "<group>"; };
		0C47018C1F54C6A700AF2E03 /* ViewController+ConfigureMainView.swift */ = {isa = PBXFileReference; fileEncoding = 4; lastKnownFileType = sourcecode.swift; path = "ViewController+ConfigureMainView.swift"; sourceTree = "<group>"; };
		0C47018F1F54D78900AF2E03 /* RepRepPartyIconView.swift */ = {isa = PBXFileReference; fileEncoding = 4; lastKnownFileType = sourcecode.swift; path = RepRepPartyIconView.swift; sourceTree = "<group>"; };
		0C47A88A1F53278300D74B31 /* UIColor+RepRepColours.swift */ = {isa = PBXFileReference; fileEncoding = 4; lastKnownFileType = sourcecode.swift; path = "UIColor+RepRepColours.swift"; sourceTree = "<group>"; };
		0C55E5CB1F489AEE00F908D1 /* RepRepViewController.swift */ = {isa = PBXFileReference; fileEncoding = 4; lastKnownFileType = sourcecode.swift; path = RepRepViewController.swift; sourceTree = "<group>"; };
		0C55E5D01F48BA4D00F908D1 /* Article.swift */ = {isa = PBXFileReference; fileEncoding = 4; lastKnownFileType = sourcecode.swift; path = Article.swift; sourceTree = "<group>"; };
		0C55E5D41F4B300F00F908D1 /* ZipSearchBar.swift */ = {isa = PBXFileReference; fileEncoding = 4; lastKnownFileType = sourcecode.swift; path = ZipSearchBar.swift; sourceTree = "<group>"; };
		0C55E5D61F4CBB7000F908D1 /* EmptyStateView.swift */ = {isa = PBXFileReference; fileEncoding = 4; lastKnownFileType = sourcecode.swift; path = EmptyStateView.swift; sourceTree = "<group>"; };
		0C9E8EFA1F57034E00C7EEF8 /* UIConstants.swift */ = {isa = PBXFileReference; fileEncoding = 4; lastKnownFileType = sourcecode.swift; path = UIConstants.swift; sourceTree = "<group>"; };
		0C9E8EFC1F57347400C7EEF8 /* WebViewController.swift */ = {isa = PBXFileReference; fileEncoding = 4; lastKnownFileType = sourcecode.swift; path = WebViewController.swift; sourceTree = "<group>"; };
		0CCD7F0E1F477CA800B72DA1 /* APIRequestManager.swift */ = {isa = PBXFileReference; fileEncoding = 4; lastKnownFileType = sourcecode.swift; name = APIRequestManager.swift; path = ../APIRequestManager.swift; sourceTree = "<group>"; };
		0CCD7F0F1F477CA800B72DA1 /* Election.swift */ = {isa = PBXFileReference; fileEncoding = 4; lastKnownFileType = sourcecode.swift; name = Election.swift; path = ../Election.swift; sourceTree = "<group>"; };
		0CCD7F121F477CA800B72DA1 /* StateAdminBody.swift */ = {isa = PBXFileReference; fileEncoding = 4; lastKnownFileType = sourcecode.swift; name = StateAdminBody.swift; path = ../StateAdminBody.swift; sourceTree = "<group>"; };
		0CCD7F131F477CA800B72DA1 /* VoterInfo.swift */ = {isa = PBXFileReference; fileEncoding = 4; lastKnownFileType = sourcecode.swift; name = VoterInfo.swift; path = ../VoterInfo.swift; sourceTree = "<group>"; };
		0CCD7F1A1F48804A00B72DA1 /* RepInfoViewModel.swift */ = {isa = PBXFileReference; fileEncoding = 4; lastKnownFileType = sourcecode.swift; path = RepInfoViewModel.swift; sourceTree = "<group>"; };
		0CCD7F1B1F48804A00B72DA1 /* Address.swift */ = {isa = PBXFileReference; fileEncoding = 4; lastKnownFileType = sourcecode.swift; path = Address.swift; sourceTree = "<group>"; };
		0CCD7F1C1F48804A00B72DA1 /* PollLocation.swift */ = {isa = PBXFileReference; fileEncoding = 4; lastKnownFileType = sourcecode.swift; path = PollLocation.swift; sourceTree = "<group>"; };
		0CFADCAF1F55BCAC00A9F7E3 /* RepRepButton.swift */ = {isa = PBXFileReference; fileEncoding = 4; lastKnownFileType = sourcecode.swift; path = RepRepButton.swift; sourceTree = "<group>"; };
		0CFADCB11F55D79A00A9F7E3 /* UIImageView+ResizeImage.swift */ = {isa = PBXFileReference; fileEncoding = 4; lastKnownFileType = sourcecode.swift; path = "UIImageView+ResizeImage.swift"; sourceTree = "<group>"; };
		0CFADCB31F55E8AA00A9F7E3 /* RepRepBorderView.swift */ = {isa = PBXFileReference; fileEncoding = 4; lastKnownFileType = sourcecode.swift; path = RepRepBorderView.swift; sourceTree = "<group>"; };
		0CFADCB51F55EF0B00A9F7E3 /* RepRepArticleCollectionViewCell.swift */ = {isa = PBXFileReference; fileEncoding = 4; lastKnownFileType = sourcecode.swift; path = RepRepArticleCollectionViewCell.swift; sourceTree = "<group>"; };
		0CFADCB71F55F0D700A9F7E3 /* RepRepCollectionView.swift */ = {isa = PBXFileReference; fileEncoding = 4; lastKnownFileType = sourcecode.swift; path = RepRepCollectionView.swift; sourceTree = "<group>"; };
		0CFADCB91F55F15900A9F7E3 /* RepRepCollectionViewDriver.swift */ = {isa = PBXFileReference; fileEncoding = 4; lastKnownFileType = sourcecode.swift; path = RepRepCollectionViewDriver.swift; sourceTree = "<group>"; };
		0CFADCBB1F55FC3700A9F7E3 /* Channel.swift */ = {isa = PBXFileReference; fileEncoding = 4; lastKnownFileType = sourcecode.swift; path = Channel.swift; sourceTree = "<group>"; };
		0CFADCBD1F55FC4D00A9F7E3 /* Government Official.swift */ = {isa = PBXFileReference; fileEncoding = 4; lastKnownFileType = sourcecode.swift; path = "Government Official.swift"; sourceTree = "<group>"; };
		0CFADCBF1F55FC6900A9F7E3 /* Office.swift */ = {isa = PBXFileReference; fileEncoding = 4; lastKnownFileType = sourcecode.swift; path = Office.swift; sourceTree = "<group>"; };
		24F446992B4718142BC94D31 /* Pods_RepRepTests.framework */ = {isa = PBXFileReference; explicitFileType = wrapper.framework; includeInIndex = 0; path = Pods_RepRepTests.framework; sourceTree = BUILT_PRODUCTS_DIR; };
		4796BEBBD78ADECF01EC4A98 /* Pods-RepRepUITests.debug.xcconfig */ = {isa = PBXFileReference; includeInIndex = 1; lastKnownFileType = text.xcconfig; name = "Pods-RepRepUITests.debug.xcconfig"; path = "Pods/Target Support Files/Pods-RepRepUITests/Pods-RepRepUITests.debug.xcconfig"; sourceTree = "<group>"; };
		A02ADB53D1F5ACCE3C1758F8 /* Pods_RepRep.framework */ = {isa = PBXFileReference; explicitFileType = wrapper.framework; includeInIndex = 0; path = Pods_RepRep.framework; sourceTree = BUILT_PRODUCTS_DIR; };
		A361D84C8CBA5908EEA97B7F /* Pods-RepRepTests.debug.xcconfig */ = {isa = PBXFileReference; includeInIndex = 1; lastKnownFileType = text.xcconfig; name = "Pods-RepRepTests.debug.xcconfig"; path = "Pods/Target Support Files/Pods-RepRepTests/Pods-RepRepTests.debug.xcconfig"; sourceTree = "<group>"; };
		A95AA4F8C3F8597EF73C0BD0 /* Pods_RepRepUITests.framework */ = {isa = PBXFileReference; explicitFileType = wrapper.framework; includeInIndex = 0; path = Pods_RepRepUITests.framework; sourceTree = BUILT_PRODUCTS_DIR; };
		C44BC675D5424955079E81A3 /* Pods-RepRep.debug.xcconfig */ = {isa = PBXFileReference; includeInIndex = 1; lastKnownFileType = text.xcconfig; name = "Pods-RepRep.debug.xcconfig"; path = "Pods/Target Support Files/Pods-RepRep/Pods-RepRep.debug.xcconfig"; sourceTree = "<group>"; };
		C6C08AF78CF8A586D4508513 /* Pods-RepRepTests.release.xcconfig */ = {isa = PBXFileReference; includeInIndex = 1; lastKnownFileType = text.xcconfig; name = "Pods-RepRepTests.release.xcconfig"; path = "Pods/Target Support Files/Pods-RepRepTests/Pods-RepRepTests.release.xcconfig"; sourceTree = "<group>"; };
		C892196C74F7BB971E5E92C3 /* Pods-RepRepUITests.release.xcconfig */ = {isa = PBXFileReference; includeInIndex = 1; lastKnownFileType = text.xcconfig; name = "Pods-RepRepUITests.release.xcconfig"; path = "Pods/Target Support Files/Pods-RepRepUITests/Pods-RepRepUITests.release.xcconfig"; sourceTree = "<group>"; };
		EA0838B1E4A830393B1EE027 /* Pods-RepRep.release.xcconfig */ = {isa = PBXFileReference; includeInIndex = 1; lastKnownFileType = text.xcconfig; name = "Pods-RepRep.release.xcconfig"; path = "Pods/Target Support Files/Pods-RepRep/Pods-RepRep.release.xcconfig"; sourceTree = "<group>"; };
/* End PBXFileReference section */

/* Begin PBXFrameworksBuildPhase section */
		0C3129171F47780000B7CC0C /* Frameworks */ = {
			isa = PBXFrameworksBuildPhase;
			buildActionMask = 2147483647;
			files = (
				53EE648A0C4A464472F9D06A /* Pods_RepRep.framework in Frameworks */,
			);
			runOnlyForDeploymentPostprocessing = 0;
		};
		0C31292B1F47780000B7CC0C /* Frameworks */ = {
			isa = PBXFrameworksBuildPhase;
			buildActionMask = 2147483647;
			files = (
				8A8B484EA136DD7737903CE2 /* Pods_RepRepTests.framework in Frameworks */,
			);
			runOnlyForDeploymentPostprocessing = 0;
		};
		0C3129361F47780000B7CC0C /* Frameworks */ = {
			isa = PBXFrameworksBuildPhase;
			buildActionMask = 2147483647;
			files = (
				0EE00BC204FEFF785FE306BE /* Pods_RepRepUITests.framework in Frameworks */,
			);
			runOnlyForDeploymentPostprocessing = 0;
		};
/* End PBXFrameworksBuildPhase section */

/* Begin PBXGroup section */
		0C3129111F47780000B7CC0C = {
			isa = PBXGroup;
			children = (
				0C31291C1F47780000B7CC0C /* RepRep */,
				0C3129311F47780000B7CC0C /* RepRepTests */,
				0C31293C1F47780000B7CC0C /* RepRepUITests */,
				0C31291B1F47780000B7CC0C /* Products */,
				62E3D4F6269003BE8A2B2627 /* Pods */,
				DE4B1C3A7AC668405673AD16 /* Frameworks */,
			);
			sourceTree = "<group>";
		};
		0C31291B1F47780000B7CC0C /* Products */ = {
			isa = PBXGroup;
			children = (
				0C31291A1F47780000B7CC0C /* RepRep.app */,
				0C31292E1F47780000B7CC0C /* RepRepTests.xctest */,
				0C3129391F47780000B7CC0C /* RepRepUITests.xctest */,
			);
			name = Products;
			sourceTree = "<group>";
		};
		0C31291C1F47780000B7CC0C /* RepRep */ = {
			isa = PBXGroup;
			children = (
				0CCD7F0E1F477CA800B72DA1 /* APIRequestManager.swift */,
				0C55E5CB1F489AEE00F908D1 /* RepRepViewController.swift */,
				0C4701841F549F4F00AF2E03 /* RepRepTableViewDriver.swift */,
				0CFADCB91F55F15900A9F7E3 /* RepRepCollectionViewDriver.swift */,
				0C4701881F54C23D00AF2E03 /* RepRepDetailViewController.swift */,
				0C9E8EFC1F57347400C7EEF8 /* WebViewController.swift */,
				0C9E8EFA1F57034E00C7EEF8 /* UIConstants.swift */,
				0C31291D1F47780000B7CC0C /* AppDelegate.swift */,
				0C55E5CD1F48AA1C00F908D1 /* Models */,
				0C3BFD9E1F54885700248BF8 /* Views */,
				0C47A88A1F53278300D74B31 /* UIColor+RepRepColours.swift */,
				0C47018C1F54C6A700AF2E03 /* ViewController+ConfigureMainView.swift */,
				0CFADCB11F55D79A00A9F7E3 /* UIImageView+ResizeImage.swift */,
				0C3129241F47780000B7CC0C /* Assets.xcassets */,
				0C3129261F47780000B7CC0C /* LaunchScreen.storyboard */,
				0C3129291F47780000B7CC0C /* Info.plist */,
			);
			path = RepRep;
			sourceTree = "<group>";
		};
		0C3129311F47780000B7CC0C /* RepRepTests */ = {
			isa = PBXGroup;
			children = (
				0C3129321F47780000B7CC0C /* RepRepTests.swift */,
				0C3129341F47780000B7CC0C /* Info.plist */,
			);
			path = RepRepTests;
			sourceTree = "<group>";
		};
		0C31293C1F47780000B7CC0C /* RepRepUITests */ = {
			isa = PBXGroup;
			children = (
				0C31293D1F47780000B7CC0C /* RepRepUITests.swift */,
				0C31293F1F47780000B7CC0C /* Info.plist */,
			);
			path = RepRepUITests;
			sourceTree = "<group>";
		};
		0C3BFD9E1F54885700248BF8 /* Views */ = {
			isa = PBXGroup;
			children = (
				0C47018E1F54CD1200AF2E03 /* Main Views */,
				0C55E5D41F4B300F00F908D1 /* ZipSearchBar.swift */,
				0CFADCAF1F55BCAC00A9F7E3 /* RepRepButton.swift */,
				0CFADCB71F55F0D700A9F7E3 /* RepRepCollectionView.swift */,
				0C4701861F54BE5300AF2E03 /* RepRepSectionHeaderConstructor.swift */,
				0CFADCB31F55E8AA00A9F7E3 /* RepRepBorderView.swift */,
				0C3BFD9F1F5488F300248BF8 /* RepRepContainerView.swift */,
				0C3BFD981F53517900248BF8 /* StarView.swift */,
				0C3BFDA11F548C5600248BF8 /* RepRepActivityIndicatorView.swift */,
				0C3BFDA51F54934100248BF8 /* RepRepTableViewCell.swift */,
				0C47018F1F54D78900AF2E03 /* RepRepPartyIconView.swift */,
				0C3BFD961F533E6200248BF8 /* RepRepLabel.swift */,
				0CFADCB51F55EF0B00A9F7E3 /* RepRepArticleCollectionViewCell.swift */,
			);
			name = Views;
			sourceTree = "<group>";
		};
		0C47018E1F54CD1200AF2E03 /* Main Views */ = {
			isa = PBXGroup;
			children = (
				0C55E5D61F4CBB7000F908D1 /* EmptyStateView.swift */,
				0C3BFD9C1F54884D00248BF8 /* LoadingStateView.swift */,
				0C3BFDA31F54933200248BF8 /* RepRepTableView.swift */,
				0C47018A1F54C56B00AF2E03 /* RepRepOfficialView.swift */,
			);
			name = "Main Views";
			sourceTree = "<group>";
		};
		0C55E5CD1F48AA1C00F908D1 /* Models */ = {
			isa = PBXGroup;
			children = (
				0CCD7F0F1F477CA800B72DA1 /* Election.swift */,
				0C55E5D01F48BA4D00F908D1 /* Article.swift */,
				0CCD7F121F477CA800B72DA1 /* StateAdminBody.swift */,
				0CCD7F1C1F48804A00B72DA1 /* PollLocation.swift */,
				0CCD7F131F477CA800B72DA1 /* VoterInfo.swift */,
				0CCD7F1A1F48804A00B72DA1 /* RepInfoViewModel.swift */,
				0CFADCBF1F55FC6900A9F7E3 /* Office.swift */,
				0CFADCBD1F55FC4D00A9F7E3 /* Government Official.swift */,
				0CFADCBB1F55FC3700A9F7E3 /* Channel.swift */,
				0CCD7F1B1F48804A00B72DA1 /* Address.swift */,
			);
			name = Models;
			sourceTree = "<group>";
		};
		62E3D4F6269003BE8A2B2627 /* Pods */ = {
			isa = PBXGroup;
			children = (
				C44BC675D5424955079E81A3 /* Pods-RepRep.debug.xcconfig */,
				EA0838B1E4A830393B1EE027 /* Pods-RepRep.release.xcconfig */,
				A361D84C8CBA5908EEA97B7F /* Pods-RepRepTests.debug.xcconfig */,
				C6C08AF78CF8A586D4508513 /* Pods-RepRepTests.release.xcconfig */,
				4796BEBBD78ADECF01EC4A98 /* Pods-RepRepUITests.debug.xcconfig */,
				C892196C74F7BB971E5E92C3 /* Pods-RepRepUITests.release.xcconfig */,
			);
			name = Pods;
			sourceTree = "<group>";
		};
		DE4B1C3A7AC668405673AD16 /* Frameworks */ = {
			isa = PBXGroup;
			children = (
				A02ADB53D1F5ACCE3C1758F8 /* Pods_RepRep.framework */,
				24F446992B4718142BC94D31 /* Pods_RepRepTests.framework */,
				A95AA4F8C3F8597EF73C0BD0 /* Pods_RepRepUITests.framework */,
			);
			name = Frameworks;
			sourceTree = "<group>";
		};
/* End PBXGroup section */

/* Begin PBXNativeTarget section */
		0C3129191F47780000B7CC0C /* RepRep */ = {
			isa = PBXNativeTarget;
			buildConfigurationList = 0C3129421F47780000B7CC0C /* Build configuration list for PBXNativeTarget "RepRep" */;
			buildPhases = (
				AFED3A169EC022820B71F0E4 /* [CP] Check Pods Manifest.lock */,
				0C3129161F47780000B7CC0C /* Sources */,
				0C3129171F47780000B7CC0C /* Frameworks */,
				0C3129181F47780000B7CC0C /* Resources */,
				7A19C4F938D441E204A80DEF /* [CP] Embed Pods Frameworks */,
				6E3C8C3C6C4935B8C946291B /* [CP] Copy Pods Resources */,
			);
			buildRules = (
			);
			dependencies = (
			);
			name = RepRep;
			productName = RepRep;
			productReference = 0C31291A1F47780000B7CC0C /* RepRep.app */;
			productType = "com.apple.product-type.application";
		};
		0C31292D1F47780000B7CC0C /* RepRepTests */ = {
			isa = PBXNativeTarget;
			buildConfigurationList = 0C3129451F47780000B7CC0C /* Build configuration list for PBXNativeTarget "RepRepTests" */;
			buildPhases = (
				21E03882D6A39F7DC1BF6A77 /* [CP] Check Pods Manifest.lock */,
				0C31292A1F47780000B7CC0C /* Sources */,
				0C31292B1F47780000B7CC0C /* Frameworks */,
				0C31292C1F47780000B7CC0C /* Resources */,
				7BF717812C821A5638F4CD07 /* [CP] Embed Pods Frameworks */,
				DC5775B2D0182DBF0965C93E /* [CP] Copy Pods Resources */,
			);
			buildRules = (
			);
			dependencies = (
				0C3129301F47780000B7CC0C /* PBXTargetDependency */,
			);
			name = RepRepTests;
			productName = RepRepTests;
			productReference = 0C31292E1F47780000B7CC0C /* RepRepTests.xctest */;
			productType = "com.apple.product-type.bundle.unit-test";
		};
		0C3129381F47780000B7CC0C /* RepRepUITests */ = {
			isa = PBXNativeTarget;
			buildConfigurationList = 0C3129481F47780000B7CC0C /* Build configuration list for PBXNativeTarget "RepRepUITests" */;
			buildPhases = (
				8CD0BF7B3EE269E59D57FDB9 /* [CP] Check Pods Manifest.lock */,
				0C3129351F47780000B7CC0C /* Sources */,
				0C3129361F47780000B7CC0C /* Frameworks */,
				0C3129371F47780000B7CC0C /* Resources */,
				1A59CF45C16E09FB9CF5CFE8 /* [CP] Embed Pods Frameworks */,
				A7D4ACB1B17C6DA09053A1E5 /* [CP] Copy Pods Resources */,
			);
			buildRules = (
			);
			dependencies = (
				0C31293B1F47780000B7CC0C /* PBXTargetDependency */,
			);
			name = RepRepUITests;
			productName = RepRepUITests;
			productReference = 0C3129391F47780000B7CC0C /* RepRepUITests.xctest */;
			productType = "com.apple.product-type.bundle.ui-testing";
		};
/* End PBXNativeTarget section */

/* Begin PBXProject section */
		0C3129121F47780000B7CC0C /* Project object */ = {
			isa = PBXProject;
			attributes = {
				LastSwiftUpdateCheck = 0830;
				LastUpgradeCheck = 0830;
				ORGANIZATIONNAME = RepresentativeReputation;
				TargetAttributes = {
					0C3129191F47780000B7CC0C = {
						CreatedOnToolsVersion = 8.3.3;
						DevelopmentTeam = N2N3K3G7JW;
						ProvisioningStyle = Automatic;
					};
					0C31292D1F47780000B7CC0C = {
						CreatedOnToolsVersion = 8.3.3;
						DevelopmentTeam = N2N3K3G7JW;
						ProvisioningStyle = Automatic;
						TestTargetID = 0C3129191F47780000B7CC0C;
					};
					0C3129381F47780000B7CC0C = {
						CreatedOnToolsVersion = 8.3.3;
						DevelopmentTeam = N2N3K3G7JW;
						ProvisioningStyle = Automatic;
						TestTargetID = 0C3129191F47780000B7CC0C;
					};
				};
			};
			buildConfigurationList = 0C3129151F47780000B7CC0C /* Build configuration list for PBXProject "RepRep" */;
			compatibilityVersion = "Xcode 3.2";
			developmentRegion = English;
			hasScannedForEncodings = 0;
			knownRegions = (
				en,
				Base,
			);
			mainGroup = 0C3129111F47780000B7CC0C;
			productRefGroup = 0C31291B1F47780000B7CC0C /* Products */;
			projectDirPath = "";
			projectRoot = "";
			targets = (
				0C3129191F47780000B7CC0C /* RepRep */,
				0C31292D1F47780000B7CC0C /* RepRepTests */,
				0C3129381F47780000B7CC0C /* RepRepUITests */,
			);
		};
/* End PBXProject section */

/* Begin PBXResourcesBuildPhase section */
		0C3129181F47780000B7CC0C /* Resources */ = {
			isa = PBXResourcesBuildPhase;
			buildActionMask = 2147483647;
			files = (
				0C3129281F47780000B7CC0C /* LaunchScreen.storyboard in Resources */,
				0C3129251F47780000B7CC0C /* Assets.xcassets in Resources */,
			);
			runOnlyForDeploymentPostprocessing = 0;
		};
		0C31292C1F47780000B7CC0C /* Resources */ = {
			isa = PBXResourcesBuildPhase;
			buildActionMask = 2147483647;
			files = (
			);
			runOnlyForDeploymentPostprocessing = 0;
		};
		0C3129371F47780000B7CC0C /* Resources */ = {
			isa = PBXResourcesBuildPhase;
			buildActionMask = 2147483647;
			files = (
			);
			runOnlyForDeploymentPostprocessing = 0;
		};
/* End PBXResourcesBuildPhase section */

/* Begin PBXShellScriptBuildPhase section */
		1A59CF45C16E09FB9CF5CFE8 /* [CP] Embed Pods Frameworks */ = {
			isa = PBXShellScriptBuildPhase;
			buildActionMask = 2147483647;
			files = (
			);
			inputPaths = (
			);
			name = "[CP] Embed Pods Frameworks";
			outputPaths = (
			);
			runOnlyForDeploymentPostprocessing = 0;
			shellPath = /bin/sh;
			shellScript = "\"${SRCROOT}/Pods/Target Support Files/Pods-RepRepUITests/Pods-RepRepUITests-frameworks.sh\"\n";
			showEnvVarsInLog = 0;
		};
		21E03882D6A39F7DC1BF6A77 /* [CP] Check Pods Manifest.lock */ = {
			isa = PBXShellScriptBuildPhase;
			buildActionMask = 2147483647;
			files = (
			);
			inputPaths = (
			);
			name = "[CP] Check Pods Manifest.lock";
			outputPaths = (
			);
			runOnlyForDeploymentPostprocessing = 0;
			shellPath = /bin/sh;
			shellScript = "diff \"${PODS_PODFILE_DIR_PATH}/Podfile.lock\" \"${PODS_ROOT}/Manifest.lock\" > /dev/null\nif [ $? != 0 ] ; then\n    # print error to STDERR\n    echo \"error: The sandbox is not in sync with the Podfile.lock. Run 'pod install' or update your CocoaPods installation.\" >&2\n    exit 1\nfi\n";
			showEnvVarsInLog = 0;
		};
		6E3C8C3C6C4935B8C946291B /* [CP] Copy Pods Resources */ = {
			isa = PBXShellScriptBuildPhase;
			buildActionMask = 2147483647;
			files = (
			);
			inputPaths = (
			);
			name = "[CP] Copy Pods Resources";
			outputPaths = (
			);
			runOnlyForDeploymentPostprocessing = 0;
			shellPath = /bin/sh;
			shellScript = "\"${SRCROOT}/Pods/Target Support Files/Pods-RepRep/Pods-RepRep-resources.sh\"\n";
			showEnvVarsInLog = 0;
		};
		7A19C4F938D441E204A80DEF /* [CP] Embed Pods Frameworks */ = {
			isa = PBXShellScriptBuildPhase;
			buildActionMask = 2147483647;
			files = (
			);
			inputPaths = (
			);
			name = "[CP] Embed Pods Frameworks";
			outputPaths = (
			);
			runOnlyForDeploymentPostprocessing = 0;
			shellPath = /bin/sh;
			shellScript = "\"${SRCROOT}/Pods/Target Support Files/Pods-RepRep/Pods-RepRep-frameworks.sh\"\n";
			showEnvVarsInLog = 0;
		};
		7BF717812C821A5638F4CD07 /* [CP] Embed Pods Frameworks */ = {
			isa = PBXShellScriptBuildPhase;
			buildActionMask = 2147483647;
			files = (
			);
			inputPaths = (
			);
			name = "[CP] Embed Pods Frameworks";
			outputPaths = (
			);
			runOnlyForDeploymentPostprocessing = 0;
			shellPath = /bin/sh;
			shellScript = "\"${SRCROOT}/Pods/Target Support Files/Pods-RepRepTests/Pods-RepRepTests-frameworks.sh\"\n";
			showEnvVarsInLog = 0;
		};
		8CD0BF7B3EE269E59D57FDB9 /* [CP] Check Pods Manifest.lock */ = {
			isa = PBXShellScriptBuildPhase;
			buildActionMask = 2147483647;
			files = (
			);
			inputPaths = (
			);
			name = "[CP] Check Pods Manifest.lock";
			outputPaths = (
			);
			runOnlyForDeploymentPostprocessing = 0;
			shellPath = /bin/sh;
			shellScript = "diff \"${PODS_PODFILE_DIR_PATH}/Podfile.lock\" \"${PODS_ROOT}/Manifest.lock\" > /dev/null\nif [ $? != 0 ] ; then\n    # print error to STDERR\n    echo \"error: The sandbox is not in sync with the Podfile.lock. Run 'pod install' or update your CocoaPods installation.\" >&2\n    exit 1\nfi\n";
			showEnvVarsInLog = 0;
		};
		A7D4ACB1B17C6DA09053A1E5 /* [CP] Copy Pods Resources */ = {
			isa = PBXShellScriptBuildPhase;
			buildActionMask = 2147483647;
			files = (
			);
			inputPaths = (
			);
			name = "[CP] Copy Pods Resources";
			outputPaths = (
			);
			runOnlyForDeploymentPostprocessing = 0;
			shellPath = /bin/sh;
			shellScript = "\"${SRCROOT}/Pods/Target Support Files/Pods-RepRepUITests/Pods-RepRepUITests-resources.sh\"\n";
			showEnvVarsInLog = 0;
		};
		AFED3A169EC022820B71F0E4 /* [CP] Check Pods Manifest.lock */ = {
			isa = PBXShellScriptBuildPhase;
			buildActionMask = 2147483647;
			files = (
			);
			inputPaths = (
			);
			name = "[CP] Check Pods Manifest.lock";
			outputPaths = (
			);
			runOnlyForDeploymentPostprocessing = 0;
			shellPath = /bin/sh;
			shellScript = "diff \"${PODS_PODFILE_DIR_PATH}/Podfile.lock\" \"${PODS_ROOT}/Manifest.lock\" > /dev/null\nif [ $? != 0 ] ; then\n    # print error to STDERR\n    echo \"error: The sandbox is not in sync with the Podfile.lock. Run 'pod install' or update your CocoaPods installation.\" >&2\n    exit 1\nfi\n";
			showEnvVarsInLog = 0;
		};
		DC5775B2D0182DBF0965C93E /* [CP] Copy Pods Resources */ = {
			isa = PBXShellScriptBuildPhase;
			buildActionMask = 2147483647;
			files = (
			);
			inputPaths = (
			);
			name = "[CP] Copy Pods Resources";
			outputPaths = (
			);
			runOnlyForDeploymentPostprocessing = 0;
			shellPath = /bin/sh;
			shellScript = "\"${SRCROOT}/Pods/Target Support Files/Pods-RepRepTests/Pods-RepRepTests-resources.sh\"\n";
			showEnvVarsInLog = 0;
		};
/* End PBXShellScriptBuildPhase section */

/* Begin PBXSourcesBuildPhase section */
		0C3129161F47780000B7CC0C /* Sources */ = {
			isa = PBXSourcesBuildPhase;
			buildActionMask = 2147483647;
			files = (
				0C9E8EFD1F57347400C7EEF8 /* WebViewController.swift in Sources */,
				0CFADCB41F55E8AA00A9F7E3 /* RepRepBorderView.swift in Sources */,
				0C3BFD971F533E6200248BF8 /* RepRepLabel.swift in Sources */,
				0C3BFDA41F54933200248BF8 /* RepRepTableView.swift in Sources */,
				0C55E5D11F48BA4D00F908D1 /* Article.swift in Sources */,
				0C4701901F54D78900AF2E03 /* RepRepPartyIconView.swift in Sources */,
				0C4701851F549F4F00AF2E03 /* RepRepTableViewDriver.swift in Sources */,
				0C3BFDA21F548C5600248BF8 /* RepRepActivityIndicatorView.swift in Sources */,
				0C4701891F54C23D00AF2E03 /* RepRepDetailViewController.swift in Sources */,
				0C47A88B1F53278300D74B31 /* UIColor+RepRepColours.swift in Sources */,
				0CFADCB81F55F0D700A9F7E3 /* RepRepCollectionView.swift in Sources */,
				0C3BFD9D1F54884D00248BF8 /* LoadingStateView.swift in Sources */,
				0C9E8EFB1F57034E00C7EEF8 /* UIConstants.swift in Sources */,
				0CCD7F181F477CA800B72DA1 /* StateAdminBody.swift in Sources */,
				0CFADCB01F55BCAC00A9F7E3 /* RepRepButton.swift in Sources */,
				0CFADCBC1F55FC3700A9F7E3 /* Channel.swift in Sources */,
				0C3BFDA01F5488F300248BF8 /* RepRepContainerView.swift in Sources */,
				0CCD7F151F477CA800B72DA1 /* Election.swift in Sources */,
				0C4701871F54BE5300AF2E03 /* RepRepSectionHeaderConstructor.swift in Sources */,
				0C47018D1F54C6A700AF2E03 /* ViewController+ConfigureMainView.swift in Sources */,
				0CCD7F1E1F48804A00B72DA1 /* Address.swift in Sources */,
				0CCD7F141F477CA800B72DA1 /* APIRequestManager.swift in Sources */,
				0C55E5D71F4CBB7000F908D1 /* EmptyStateView.swift in Sources */,
				0CFADCB61F55EF0B00A9F7E3 /* RepRepArticleCollectionViewCell.swift in Sources */,
				0CFADCC01F55FC6900A9F7E3 /* Office.swift in Sources */,
				0CCD7F191F477CA800B72DA1 /* VoterInfo.swift in Sources */,
				0C55E5D51F4B300F00F908D1 /* ZipSearchBar.swift in Sources */,
				0CFADCBE1F55FC4D00A9F7E3 /* Government Official.swift in Sources */,
				0CCD7F1D1F48804A00B72DA1 /* RepInfoViewModel.swift in Sources */,
				0C31291E1F47780000B7CC0C /* AppDelegate.swift in Sources */,
				0C3BFD991F53517900248BF8 /* StarView.swift in Sources */,
				0C55E5CC1F489AEE00F908D1 /* RepRepViewController.swift in Sources */,
				0C3BFDA61F54934100248BF8 /* RepRepTableViewCell.swift in Sources */,
				0CCD7F1F1F48804A00B72DA1 /* PollLocation.swift in Sources */,
				0CFADCBA1F55F15900A9F7E3 /* RepRepCollectionViewDriver.swift in Sources */,
				0CFADCB21F55D79A00A9F7E3 /* UIImageView+ResizeImage.swift in Sources */,
				0C47018B1F54C56B00AF2E03 /* RepRepOfficialView.swift in Sources */,
			);
			runOnlyForDeploymentPostprocessing = 0;
		};
		0C31292A1F47780000B7CC0C /* Sources */ = {
			isa = PBXSourcesBuildPhase;
			buildActionMask = 2147483647;
			files = (
				0C3129331F47780000B7CC0C /* RepRepTests.swift in Sources */,
			);
			runOnlyForDeploymentPostprocessing = 0;
		};
		0C3129351F47780000B7CC0C /* Sources */ = {
			isa = PBXSourcesBuildPhase;
			buildActionMask = 2147483647;
			files = (
				0C31293E1F47780000B7CC0C /* RepRepUITests.swift in Sources */,
			);
			runOnlyForDeploymentPostprocessing = 0;
		};
/* End PBXSourcesBuildPhase section */

/* Begin PBXTargetDependency section */
		0C3129301F47780000B7CC0C /* PBXTargetDependency */ = {
			isa = PBXTargetDependency;
			target = 0C3129191F47780000B7CC0C /* RepRep */;
			targetProxy = 0C31292F1F47780000B7CC0C /* PBXContainerItemProxy */;
		};
		0C31293B1F47780000B7CC0C /* PBXTargetDependency */ = {
			isa = PBXTargetDependency;
			target = 0C3129191F47780000B7CC0C /* RepRep */;
			targetProxy = 0C31293A1F47780000B7CC0C /* PBXContainerItemProxy */;
		};
/* End PBXTargetDependency section */

/* Begin PBXVariantGroup section */
		0C3129261F47780000B7CC0C /* LaunchScreen.storyboard */ = {
			isa = PBXVariantGroup;
			children = (
				0C3129271F47780000B7CC0C /* Base */,
			);
			name = LaunchScreen.storyboard;
			sourceTree = "<group>";
		};
/* End PBXVariantGroup section */

/* Begin XCBuildConfiguration section */
		0C3129401F47780000B7CC0C /* Debug */ = {
			isa = XCBuildConfiguration;
			buildSettings = {
				ALWAYS_SEARCH_USER_PATHS = NO;
				CLANG_ANALYZER_NONNULL = YES;
				CLANG_ANALYZER_NUMBER_OBJECT_CONVERSION = YES_AGGRESSIVE;
				CLANG_CXX_LANGUAGE_STANDARD = "gnu++0x";
				CLANG_CXX_LIBRARY = "libc++";
				CLANG_ENABLE_MODULES = YES;
				CLANG_ENABLE_OBJC_ARC = YES;
				CLANG_WARN_BOOL_CONVERSION = YES;
				CLANG_WARN_CONSTANT_CONVERSION = YES;
				CLANG_WARN_DIRECT_OBJC_ISA_USAGE = YES_ERROR;
				CLANG_WARN_DOCUMENTATION_COMMENTS = YES;
				CLANG_WARN_EMPTY_BODY = YES;
				CLANG_WARN_ENUM_CONVERSION = YES;
				CLANG_WARN_INFINITE_RECURSION = YES;
				CLANG_WARN_INT_CONVERSION = YES;
				CLANG_WARN_OBJC_ROOT_CLASS = YES_ERROR;
				CLANG_WARN_SUSPICIOUS_MOVE = YES;
				CLANG_WARN_UNREACHABLE_CODE = YES;
				CLANG_WARN__DUPLICATE_METHOD_MATCH = YES;
				"CODE_SIGN_IDENTITY[sdk=iphoneos*]" = "iPhone Developer";
				COPY_PHASE_STRIP = NO;
				DEBUG_INFORMATION_FORMAT = dwarf;
				ENABLE_STRICT_OBJC_MSGSEND = YES;
				ENABLE_TESTABILITY = YES;
				GCC_C_LANGUAGE_STANDARD = gnu99;
				GCC_DYNAMIC_NO_PIC = NO;
				GCC_NO_COMMON_BLOCKS = YES;
				GCC_OPTIMIZATION_LEVEL = 0;
				GCC_PREPROCESSOR_DEFINITIONS = (
					"DEBUG=1",
					"$(inherited)",
				);
				GCC_WARN_64_TO_32_BIT_CONVERSION = YES;
				GCC_WARN_ABOUT_RETURN_TYPE = YES_ERROR;
				GCC_WARN_UNDECLARED_SELECTOR = YES;
				GCC_WARN_UNINITIALIZED_AUTOS = YES_AGGRESSIVE;
				GCC_WARN_UNUSED_FUNCTION = YES;
				GCC_WARN_UNUSED_VARIABLE = YES;
				IPHONEOS_DEPLOYMENT_TARGET = 10.3;
				MTL_ENABLE_DEBUG_INFO = YES;
				ONLY_ACTIVE_ARCH = YES;
				SDKROOT = iphoneos;
				SWIFT_ACTIVE_COMPILATION_CONDITIONS = DEBUG;
				SWIFT_OPTIMIZATION_LEVEL = "-Onone";
			};
			name = Debug;
		};
		0C3129411F47780000B7CC0C /* Release */ = {
			isa = XCBuildConfiguration;
			buildSettings = {
				ALWAYS_SEARCH_USER_PATHS = NO;
				CLANG_ANALYZER_NONNULL = YES;
				CLANG_ANALYZER_NUMBER_OBJECT_CONVERSION = YES_AGGRESSIVE;
				CLANG_CXX_LANGUAGE_STANDARD = "gnu++0x";
				CLANG_CXX_LIBRARY = "libc++";
				CLANG_ENABLE_MODULES = YES;
				CLANG_ENABLE_OBJC_ARC = YES;
				CLANG_WARN_BOOL_CONVERSION = YES;
				CLANG_WARN_CONSTANT_CONVERSION = YES;
				CLANG_WARN_DIRECT_OBJC_ISA_USAGE = YES_ERROR;
				CLANG_WARN_DOCUMENTATION_COMMENTS = YES;
				CLANG_WARN_EMPTY_BODY = YES;
				CLANG_WARN_ENUM_CONVERSION = YES;
				CLANG_WARN_INFINITE_RECURSION = YES;
				CLANG_WARN_INT_CONVERSION = YES;
				CLANG_WARN_OBJC_ROOT_CLASS = YES_ERROR;
				CLANG_WARN_SUSPICIOUS_MOVE = YES;
				CLANG_WARN_UNREACHABLE_CODE = YES;
				CLANG_WARN__DUPLICATE_METHOD_MATCH = YES;
				"CODE_SIGN_IDENTITY[sdk=iphoneos*]" = "iPhone Developer";
				COPY_PHASE_STRIP = NO;
				DEBUG_INFORMATION_FORMAT = "dwarf-with-dsym";
				ENABLE_NS_ASSERTIONS = NO;
				ENABLE_STRICT_OBJC_MSGSEND = YES;
				GCC_C_LANGUAGE_STANDARD = gnu99;
				GCC_NO_COMMON_BLOCKS = YES;
				GCC_WARN_64_TO_32_BIT_CONVERSION = YES;
				GCC_WARN_ABOUT_RETURN_TYPE = YES_ERROR;
				GCC_WARN_UNDECLARED_SELECTOR = YES;
				GCC_WARN_UNINITIALIZED_AUTOS = YES_AGGRESSIVE;
				GCC_WARN_UNUSED_FUNCTION = YES;
				GCC_WARN_UNUSED_VARIABLE = YES;
				IPHONEOS_DEPLOYMENT_TARGET = 10.3;
				MTL_ENABLE_DEBUG_INFO = NO;
				SDKROOT = iphoneos;
				SWIFT_OPTIMIZATION_LEVEL = "-Owholemodule";
				VALIDATE_PRODUCT = YES;
			};
			name = Release;
		};
		0C3129431F47780000B7CC0C /* Debug */ = {
			isa = XCBuildConfiguration;
			baseConfigurationReference = C44BC675D5424955079E81A3 /* Pods-RepRep.debug.xcconfig */;
			buildSettings = {
				ASSETCATALOG_COMPILER_APPICON_NAME = AppIcon;
				DEVELOPMENT_TEAM = N2N3K3G7JW;
				INFOPLIST_FILE = RepRep/Info.plist;
				LD_RUNPATH_SEARCH_PATHS = "$(inherited) @executable_path/Frameworks";
				PRODUCT_BUNDLE_IDENTIFIER = nyc.liamkane.RepresentativeRepository.RepRep;
				PRODUCT_NAME = "$(TARGET_NAME)";
				SWIFT_VERSION = 3.0;
			};
			name = Debug;
		};
		0C3129441F47780000B7CC0C /* Release */ = {
			isa = XCBuildConfiguration;
			baseConfigurationReference = EA0838B1E4A830393B1EE027 /* Pods-RepRep.release.xcconfig */;
			buildSettings = {
				ASSETCATALOG_COMPILER_APPICON_NAME = AppIcon;
				DEVELOPMENT_TEAM = N2N3K3G7JW;
				INFOPLIST_FILE = RepRep/Info.plist;
				LD_RUNPATH_SEARCH_PATHS = "$(inherited) @executable_path/Frameworks";
				PRODUCT_BUNDLE_IDENTIFIER = nyc.liamkane.RepresentativeRepository.RepRep;
				PRODUCT_NAME = "$(TARGET_NAME)";
				SWIFT_VERSION = 3.0;
			};
			name = Release;
		};
		0C3129461F47780000B7CC0C /* Debug */ = {
			isa = XCBuildConfiguration;
			baseConfigurationReference = A361D84C8CBA5908EEA97B7F /* Pods-RepRepTests.debug.xcconfig */;
			buildSettings = {
				ALWAYS_EMBED_SWIFT_STANDARD_LIBRARIES = YES;
				BUNDLE_LOADER = "$(TEST_HOST)";
				DEVELOPMENT_TEAM = N2N3K3G7JW;
				INFOPLIST_FILE = RepRepTests/Info.plist;
				LD_RUNPATH_SEARCH_PATHS = "$(inherited) @executable_path/Frameworks @loader_path/Frameworks";
				PRODUCT_BUNDLE_IDENTIFIER = nyc.liamkane.RepresentativeReputation.RepRepTests;
				PRODUCT_NAME = "$(TARGET_NAME)";
				SWIFT_VERSION = 3.0;
				TEST_HOST = "$(BUILT_PRODUCTS_DIR)/RepRep.app/RepRep";
			};
			name = Debug;
		};
		0C3129471F47780000B7CC0C /* Release */ = {
			isa = XCBuildConfiguration;
			baseConfigurationReference = C6C08AF78CF8A586D4508513 /* Pods-RepRepTests.release.xcconfig */;
			buildSettings = {
				ALWAYS_EMBED_SWIFT_STANDARD_LIBRARIES = YES;
				BUNDLE_LOADER = "$(TEST_HOST)";
				DEVELOPMENT_TEAM = N2N3K3G7JW;
				INFOPLIST_FILE = RepRepTests/Info.plist;
				LD_RUNPATH_SEARCH_PATHS = "$(inherited) @executable_path/Frameworks @loader_path/Frameworks";
				PRODUCT_BUNDLE_IDENTIFIER = nyc.liamkane.RepresentativeReputation.RepRepTests;
				PRODUCT_NAME = "$(TARGET_NAME)";
				SWIFT_VERSION = 3.0;
				TEST_HOST = "$(BUILT_PRODUCTS_DIR)/RepRep.app/RepRep";
			};
			name = Release;
		};
		0C3129491F47780000B7CC0C /* Debug */ = {
			isa = XCBuildConfiguration;
			baseConfigurationReference = 4796BEBBD78ADECF01EC4A98 /* Pods-RepRepUITests.debug.xcconfig */;
			buildSettings = {
				ALWAYS_EMBED_SWIFT_STANDARD_LIBRARIES = YES;
				DEVELOPMENT_TEAM = N2N3K3G7JW;
				INFOPLIST_FILE = RepRepUITests/Info.plist;
				LD_RUNPATH_SEARCH_PATHS = "$(inherited) @executable_path/Frameworks @loader_path/Frameworks";
				PRODUCT_BUNDLE_IDENTIFIER = nyc.liamkane.RepresentativeReputation.RepRepUITests;
				PRODUCT_NAME = "$(TARGET_NAME)";
				SWIFT_VERSION = 3.0;
				TEST_TARGET_NAME = RepRep;
			};
			name = Debug;
		};
		0C31294A1F47780000B7CC0C /* Release */ = {
			isa = XCBuildConfiguration;
			baseConfigurationReference = C892196C74F7BB971E5E92C3 /* Pods-RepRepUITests.release.xcconfig */;
			buildSettings = {
				ALWAYS_EMBED_SWIFT_STANDARD_LIBRARIES = YES;
				DEVELOPMENT_TEAM = N2N3K3G7JW;
				INFOPLIST_FILE = RepRepUITests/Info.plist;
				LD_RUNPATH_SEARCH_PATHS = "$(inherited) @executable_path/Frameworks @loader_path/Frameworks";
				PRODUCT_BUNDLE_IDENTIFIER = nyc.liamkane.RepresentativeReputation.RepRepUITests;
				PRODUCT_NAME = "$(TARGET_NAME)";
				SWIFT_VERSION = 3.0;
				TEST_TARGET_NAME = RepRep;
			};
			name = Release;
		};
/* End XCBuildConfiguration section */

/* Begin XCConfigurationList section */
		0C3129151F47780000B7CC0C /* Build configuration list for PBXProject "RepRep" */ = {
			isa = XCConfigurationList;
			buildConfigurations = (
				0C3129401F47780000B7CC0C /* Debug */,
				0C3129411F47780000B7CC0C /* Release */,
			);
			defaultConfigurationIsVisible = 0;
			defaultConfigurationName = Release;
		};
		0C3129421F47780000B7CC0C /* Build configuration list for PBXNativeTarget "RepRep" */ = {
			isa = XCConfigurationList;
			buildConfigurations = (
				0C3129431F47780000B7CC0C /* Debug */,
				0C3129441F47780000B7CC0C /* Release */,
			);
			defaultConfigurationIsVisible = 0;
			defaultConfigurationName = Release;
		};
		0C3129451F47780000B7CC0C /* Build configuration list for PBXNativeTarget "RepRepTests" */ = {
			isa = XCConfigurationList;
			buildConfigurations = (
				0C3129461F47780000B7CC0C /* Debug */,
				0C3129471F47780000B7CC0C /* Release */,
			);
			defaultConfigurationIsVisible = 0;
			defaultConfigurationName = Release;
		};
		0C3129481F47780000B7CC0C /* Build configuration list for PBXNativeTarget "RepRepUITests" */ = {
			isa = XCConfigurationList;
			buildConfigurations = (
				0C3129491F47780000B7CC0C /* Debug */,
				0C31294A1F47780000B7CC0C /* Release */,
			);
			defaultConfigurationIsVisible = 0;
			defaultConfigurationName = Release;
		};
/* End XCConfigurationList section */
	};
	rootObject = 0C3129121F47780000B7CC0C /* Project object */;
}
